// !$*UTF8*$!
{
	archiveVersion = 1;
	classes = {
	};
	objectVersion = 50;
	objects = {

/* Begin PBXBuildFile section */
		19A2B36425F0D388001A3C0F /* AppDelegate.swift in Sources */ = {isa = PBXBuildFile; fileRef = 19A2B36325F0D388001A3C0F /* AppDelegate.swift */; };
		19A2B36625F0D388001A3C0F /* SceneDelegate.swift in Sources */ = {isa = PBXBuildFile; fileRef = 19A2B36525F0D388001A3C0F /* SceneDelegate.swift */; };
		19A2B36825F0D388001A3C0F /* ViewController.swift in Sources */ = {isa = PBXBuildFile; fileRef = 19A2B36725F0D388001A3C0F /* ViewController.swift */; };
		19A2B36B25F0D388001A3C0F /* Main.storyboard in Resources */ = {isa = PBXBuildFile; fileRef = 19A2B36925F0D388001A3C0F /* Main.storyboard */; };
		19A2B36D25F0D38A001A3C0F /* Assets.xcassets in Resources */ = {isa = PBXBuildFile; fileRef = 19A2B36C25F0D38A001A3C0F /* Assets.xcassets */; };
		19A2B37025F0D38A001A3C0F /* LaunchScreen.storyboard in Resources */ = {isa = PBXBuildFile; fileRef = 19A2B36E25F0D38A001A3C0F /* LaunchScreen.storyboard */; };
		19A2B37A25F0D403001A3C0F /* model.swift in Sources */ = {isa = PBXBuildFile; fileRef = 19A2B37925F0D403001A3C0F /* model.swift */; };
		19A2B37D25F0D418001A3C0F /* TableViewController.swift in Sources */ = {isa = PBXBuildFile; fileRef = 19A2B37C25F0D418001A3C0F /* TableViewController.swift */; };
/* End PBXBuildFile section */

/* Begin PBXFileReference section */
		19A2B36025F0D388001A3C0F /* taskList.app */ = {isa = PBXFileReference; explicitFileType = wrapper.application; includeInIndex = 0; path = taskList.app; sourceTree = BUILT_PRODUCTS_DIR; };
		19A2B36325F0D388001A3C0F /* AppDelegate.swift */ = {isa = PBXFileReference; lastKnownFileType = sourcecode.swift; path = AppDelegate.swift; sourceTree = "<group>"; };
		19A2B36525F0D388001A3C0F /* SceneDelegate.swift */ = {isa = PBXFileReference; lastKnownFileType = sourcecode.swift; path = SceneDelegate.swift; sourceTree = "<group>"; };
		19A2B36725F0D388001A3C0F /* ViewController.swift */ = {isa = PBXFileReference; lastKnownFileType = sourcecode.swift; path = ViewController.swift; sourceTree = "<group>"; };
		19A2B36A25F0D388001A3C0F /* Base */ = {isa = PBXFileReference; lastKnownFileType = file.storyboard; name = Base; path = Base.lproj/Main.storyboard; sourceTree = "<group>"; };
		19A2B36C25F0D38A001A3C0F /* Assets.xcassets */ = {isa = PBXFileReference; lastKnownFileType = folder.assetcatalog; path = Assets.xcassets; sourceTree = "<group>"; };
		19A2B36F25F0D38A001A3C0F /* Base */ = {isa = PBXFileReference; lastKnownFileType = file.storyboard; name = Base; path = Base.lproj/LaunchScreen.storyboard; sourceTree = "<group>"; };
		19A2B37125F0D38A001A3C0F /* Info.plist */ = {isa = PBXFileReference; lastKnownFileType = text.plist.xml; path = Info.plist; sourceTree = "<group>"; };
		19A2B37925F0D403001A3C0F /* model.swift */ = {isa = PBXFileReference; lastKnownFileType = sourcecode.swift; path = model.swift; sourceTree = "<group>"; };
		19A2B37C25F0D418001A3C0F /* TableViewController.swift */ = {isa = PBXFileReference; lastKnownFileType = sourcecode.swift; path = TableViewController.swift; sourceTree = "<group>"; };
/* End PBXFileReference section */

/* Begin PBXFrameworksBuildPhase section */
		19A2B35D25F0D388001A3C0F /* Frameworks */ = {
			isa = PBXFrameworksBuildPhase;
			buildActionMask = 2147483647;
			files = (
			);
			runOnlyForDeploymentPostprocessing = 0;
		};
/* End PBXFrameworksBuildPhase section */

/* Begin PBXGroup section */
		19A2B35725F0D388001A3C0F = {
			isa = PBXGroup;
			children = (
				19A2B36225F0D388001A3C0F /* taskList */,
				19A2B36125F0D388001A3C0F /* Products */,
			);
			sourceTree = "<group>";
		};
		19A2B36125F0D388001A3C0F /* Products */ = {
			isa = PBXGroup;
			children = (
				19A2B36025F0D388001A3C0F /* taskList.app */,
			);
			name = Products;
			sourceTree = "<group>";
		};
		19A2B36225F0D388001A3C0F /* taskList */ = {
			isa = PBXGroup;
			children = (
				19A2B37825F0D3AA001A3C0F /* different */,
				19A2B36925F0D388001A3C0F /* Main.storyboard */,
				19A2B37925F0D403001A3C0F /* model.swift */,
				19A2B37C25F0D418001A3C0F /* TableViewController.swift */,
				19A2B37125F0D38A001A3C0F /* Info.plist */,
				19A2B36325F0D388001A3C0F /* AppDelegate.swift */,
			);
			path = taskList;
			sourceTree = "<group>";
		};
		19A2B37825F0D3AA001A3C0F /* different */ = {
			isa = PBXGroup;
			children = (
				19A2B36525F0D388001A3C0F /* SceneDelegate.swift */,
				19A2B36725F0D388001A3C0F /* ViewController.swift */,
				19A2B36E25F0D38A001A3C0F /* LaunchScreen.storyboard */,
				19A2B36C25F0D38A001A3C0F /* Assets.xcassets */,
			);
			path = different;
			sourceTree = "<group>";
		};
/* End PBXGroup section */

/* Begin PBXNativeTarget section */
		19A2B35F25F0D388001A3C0F /* taskList */ = {
			isa = PBXNativeTarget;
			buildConfigurationList = 19A2B37425F0D38A001A3C0F /* Build configuration list for PBXNativeTarget "taskList" */;
			buildPhases = (
				19A2B35C25F0D388001A3C0F /* Sources */,
				19A2B35D25F0D388001A3C0F /* Frameworks */,
				19A2B35E25F0D388001A3C0F /* Resources */,
			);
			buildRules = (
			);
			dependencies = (
			);
			name = taskList;
			productName = taskList;
			productReference = 19A2B36025F0D388001A3C0F /* taskList.app */;
			productType = "com.apple.product-type.application";
		};
/* End PBXNativeTarget section */

/* Begin PBXProject section */
		19A2B35825F0D388001A3C0F /* Project object */ = {
			isa = PBXProject;
			attributes = {
				LastSwiftUpdateCheck = 1240;
				LastUpgradeCheck = 1240;
				TargetAttributes = {
					19A2B35F25F0D388001A3C0F = {
						CreatedOnToolsVersion = 12.4;
					};
				};
			};
			buildConfigurationList = 19A2B35B25F0D388001A3C0F /* Build configuration list for PBXProject "taskList" */;
			compatibilityVersion = "Xcode 9.3";
			developmentRegion = en;
			hasScannedForEncodings = 0;
			knownRegions = (
				en,
				Base,
			);
			mainGroup = 19A2B35725F0D388001A3C0F;
			productRefGroup = 19A2B36125F0D388001A3C0F /* Products */;
			projectDirPath = "";
			projectRoot = "";
			targets = (
				19A2B35F25F0D388001A3C0F /* taskList */,
			);
		};
/* End PBXProject section */

/* Begin PBXResourcesBuildPhase section */
		19A2B35E25F0D388001A3C0F /* Resources */ = {
			isa = PBXResourcesBuildPhase;
			buildActionMask = 2147483647;
			files = (
				19A2B37025F0D38A001A3C0F /* LaunchScreen.storyboard in Resources */,
				19A2B36D25F0D38A001A3C0F /* Assets.xcassets in Resources */,
				19A2B36B25F0D388001A3C0F /* Main.storyboard in Resources */,
			);
			runOnlyForDeploymentPostprocessing = 0;
		};
/* End PBXResourcesBuildPhase section */

/* Begin PBXSourcesBuildPhase section */
		19A2B35C25F0D388001A3C0F /* Sources */ = {
			isa = PBXSourcesBuildPhase;
			buildActionMask = 2147483647;
			files = (
				19A2B36825F0D388001A3C0F /* ViewController.swift in Sources */,
				19A2B36425F0D388001A3C0F /* AppDelegate.swift in Sources */,
				19A2B36625F0D388001A3C0F /* SceneDelegate.swift in Sources */,
				19A2B37D25F0D418001A3C0F /* TableViewController.swift in Sources */,
				19A2B37A25F0D403001A3C0F /* model.swift in Sources */,
			);
			runOnlyForDeploymentPostprocessing = 0;
		};
/* End PBXSourcesBuildPhase section */

/* Begin PBXVariantGroup section */
		19A2B36925F0D388001A3C0F /* Main.storyboard */ = {
			isa = PBXVariantGroup;
			children = (
				19A2B36A25F0D388001A3C0F /* Base */,
			);
			name = Main.storyboard;
			sourceTree = "<group>";
		};
		19A2B36E25F0D38A001A3C0F /* LaunchScreen.storyboard */ = {
			isa = PBXVariantGroup;
			children = (
				19A2B36F25F0D38A001A3C0F /* Base */,
			);
			name = LaunchScreen.storyboard;
			sourceTree = "<group>";
		};
/* End PBXVariantGroup section */

/* Begin XCBuildConfiguration section */
		19A2B37225F0D38A001A3C0F /* Debug */ = {
			isa = XCBuildConfiguration;
			buildSettings = {
				ALWAYS_SEARCH_USER_PATHS = NO;
				CLANG_ANALYZER_NONNULL = YES;
				CLANG_ANALYZER_NUMBER_OBJECT_CONVERSION = YES_AGGRESSIVE;
				CLANG_CXX_LANGUAGE_STANDARD = "gnu++14";
				CLANG_CXX_LIBRARY = "libc++";
				CLANG_ENABLE_MODULES = YES;
				CLANG_ENABLE_OBJC_ARC = YES;
				CLANG_ENABLE_OBJC_WEAK = YES;
				CLANG_WARN_BLOCK_CAPTURE_AUTORELEASING = YES;
				CLANG_WARN_BOOL_CONVERSION = YES;
				CLANG_WARN_COMMA = YES;
				CLANG_WARN_CONSTANT_CONVERSION = YES;
				CLANG_WARN_DEPRECATED_OBJC_IMPLEMENTATIONS = YES;
				CLANG_WARN_DIRECT_OBJC_ISA_USAGE = YES_ERROR;
				CLANG_WARN_DOCUMENTATION_COMMENTS = YES;
				CLANG_WARN_EMPTY_BODY = YES;
				CLANG_WARN_ENUM_CONVERSION = YES;
				CLANG_WARN_INFINITE_RECURSION = YES;
				CLANG_WARN_INT_CONVERSION = YES;
				CLANG_WARN_NON_LITERAL_NULL_CONVERSION = YES;
				CLANG_WARN_OBJC_IMPLICIT_RETAIN_SELF = YES;
				CLANG_WARN_OBJC_LITERAL_CONVERSION = YES;
				CLANG_WARN_OBJC_ROOT_CLASS = YES_ERROR;
				CLANG_WARN_QUOTED_INCLUDE_IN_FRAMEWORK_HEADER = YES;
				CLANG_WARN_RANGE_LOOP_ANALYSIS = YES;
				CLANG_WARN_STRICT_PROTOTYPES = YES;
				CLANG_WARN_SUSPICIOUS_MOVE = YES;
				CLANG_WARN_UNGUARDED_AVAILABILITY = YES_AGGRESSIVE;
				CLANG_WARN_UNREACHABLE_CODE = YES;
				CLANG_WARN__DUPLICATE_METHOD_MATCH = YES;
				COPY_PHASE_STRIP = NO;
				DEBUG_INFORMATION_FORMAT = dwarf;
				ENABLE_STRICT_OBJC_MSGSEND = YES;
				ENABLE_TESTABILITY = YES;
				GCC_C_LANGUAGE_STANDARD = gnu11;
				GCC_DYNAMIC_NO_PIC = NO;
				GCC_NO_COMMON_BLOCKS = YES;
				GCC_OPTIMIZATION_LEVEL = 0;
				GCC_PREPROCESSOR_DEFINITIONS = (
					"DEBUG=1",
					"$(inherited)",
				);
				GCC_WARN_64_TO_32_BIT_CONVERSION = YES;
				GCC_WARN_ABOUT_RETURN_TYPE = YES_ERROR;
				GCC_WARN_UNDECLARED_SELECTOR = YES;
				GCC_WARN_UNINITIALIZED_AUTOS = YES_AGGRESSIVE;
				GCC_WARN_UNUSED_FUNCTION = YES;
				GCC_WARN_UNUSED_VARIABLE = YES;
				IPHONEOS_DEPLOYMENT_TARGET = 14.4;
				MTL_ENABLE_DEBUG_INFO = INCLUDE_SOURCE;
				MTL_FAST_MATH = YES;
				ONLY_ACTIVE_ARCH = YES;
				SDKROOT = iphoneos;
				SWIFT_ACTIVE_COMPILATION_CONDITIONS = DEBUG;
				SWIFT_OPTIMIZATION_LEVEL = "-Onone";
			};
			name = Debug;
		};
		19A2B37325F0D38A001A3C0F /* Release */ = {
			isa = XCBuildConfiguration;
			buildSettings = {
				ALWAYS_SEARCH_USER_PATHS = NO;
				CLANG_ANALYZER_NONNULL = YES;
				CLANG_ANALYZER_NUMBER_OBJECT_CONVERSION = YES_AGGRESSIVE;
				CLANG_CXX_LANGUAGE_STANDARD = "gnu++14";
				CLANG_CXX_LIBRARY = "libc++";
				CLANG_ENABLE_MODULES = YES;
				CLANG_ENABLE_OBJC_ARC = YES;
				CLANG_ENABLE_OBJC_WEAK = YES;
				CLANG_WARN_BLOCK_CAPTURE_AUTORELEASING = YES;
				CLANG_WARN_BOOL_CONVERSION = YES;
				CLANG_WARN_COMMA = YES;
				CLANG_WARN_CONSTANT_CONVERSION = YES;
				CLANG_WARN_DEPRECATED_OBJC_IMPLEMENTATIONS = YES;
				CLANG_WARN_DIRECT_OBJC_ISA_USAGE = YES_ERROR;
				CLANG_WARN_DOCUMENTATION_COMMENTS = YES;
				CLANG_WARN_EMPTY_BODY = YES;
				CLANG_WARN_ENUM_CONVERSION = YES;
				CLANG_WARN_INFINITE_RECURSION = YES;
				CLANG_WARN_INT_CONVERSION = YES;
				CLANG_WARN_NON_LITERAL_NULL_CONVERSION = YES;
				CLANG_WARN_OBJC_IMPLICIT_RETAIN_SELF = YES;
				CLANG_WARN_OBJC_LITERAL_CONVERSION = YES;
				CLANG_WARN_OBJC_ROOT_CLASS = YES_ERROR;
				CLANG_WARN_QUOTED_INCLUDE_IN_FRAMEWORK_HEADER = YES;
				CLANG_WARN_RANGE_LOOP_ANALYSIS = YES;
				CLANG_WARN_STRICT_PROTOTYPES = YES;
				CLANG_WARN_SUSPICIOUS_MOVE = YES;
				CLANG_WARN_UNGUARDED_AVAILABILITY = YES_AGGRESSIVE;
				CLANG_WARN_UNREACHABLE_CODE = YES;
				CLANG_WARN__DUPLICATE_METHOD_MATCH = YES;
				COPY_PHASE_STRIP = NO;
				DEBUG_INFORMATION_FORMAT = "dwarf-with-dsym";
				ENABLE_NS_ASSERTIONS = NO;
				ENABLE_STRICT_OBJC_MSGSEND = YES;
				GCC_C_LANGUAGE_STANDARD = gnu11;
				GCC_NO_COMMON_BLOCKS = YES;
				GCC_WARN_64_TO_32_BIT_CONVERSION = YES;
				GCC_WARN_ABOUT_RETURN_TYPE = YES_ERROR;
				GCC_WARN_UNDECLARED_SELECTOR = YES;
				GCC_WARN_UNINITIALIZED_AUTOS = YES_AGGRESSIVE;
				GCC_WARN_UNUSED_FUNCTION = YES;
				GCC_WARN_UNUSED_VARIABLE = YES;
				IPHONEOS_DEPLOYMENT_TARGET = 14.4;
				MTL_ENABLE_DEBUG_INFO = NO;
				MTL_FAST_MATH = YES;
				SDKROOT = iphoneos;
				SWIFT_COMPILATION_MODE = wholemodule;
				SWIFT_OPTIMIZATION_LEVEL = "-O";
				VALIDATE_PRODUCT = YES;
			};
			name = Release;
		};
		19A2B37525F0D38A001A3C0F /* Debug */ = {
			isa = XCBuildConfiguration;
			buildSettings = {
				ASSETCATALOG_COMPILER_APPICON_NAME = AppIcon;
				ASSETCATALOG_COMPILER_GLOBAL_ACCENT_COLOR_NAME = AccentColor;
				CODE_SIGN_STYLE = Automatic;
				INFOPLIST_FILE = taskList/Info.plist;
				LD_RUNPATH_SEARCH_PATHS = (
					"$(inherited)",
					"@executable_path/Frameworks",
				);
				PRODUCT_BUNDLE_IDENTIFIER = namenik.taskList;
				PRODUCT_NAME = "$(TARGET_NAME)";
				SWIFT_VERSION = 5.0;
				TARGETED_DEVICE_FAMILY = "1,2";
			};
			name = Debug;
		};
		19A2B37625F0D38A001A3C0F /* Release */ = {
			isa = XCBuildConfiguration;
			buildSettings = {
				ASSETCATALOG_COMPILER_APPICON_NAME = AppIcon;
				ASSETCATALOG_COMPILER_GLOBAL_ACCENT_COLOR_NAME = AccentColor;
				CODE_SIGN_STYLE = Automatic;
				INFOPLIST_FILE = taskList/Info.plist;
				LD_RUNPATH_SEARCH_PATHS = (
					"$(inherited)",
					"@executable_path/Frameworks",
				);
				PRODUCT_BUNDLE_IDENTIFIER = namenik.taskList;
				PRODUCT_NAME = "$(TARGET_NAME)";
				SWIFT_VERSION = 5.0;
				TARGETED_DEVICE_FAMILY = "1,2";
			};
			name = Release;
		};
/* End XCBuildConfiguration section */

/* Begin XCConfigurationList section */
		19A2B35B25F0D388001A3C0F /* Build configuration list for PBXProject "taskList" */ = {
			isa = XCConfigurationList;
			buildConfigurations = (
				19A2B37225F0D38A001A3C0F /* Debug */,
				19A2B37325F0D38A001A3C0F /* Release */,
			);
			defaultConfigurationIsVisible = 0;
			defaultConfigurationName = Release;
		};
		19A2B37425F0D38A001A3C0F /* Build configuration list for PBXNativeTarget "taskList" */ = {
			isa = XCConfigurationList;
			buildConfigurations = (
				19A2B37525F0D38A001A3C0F /* Debug */,
				19A2B37625F0D38A001A3C0F /* Release */,
			);
			defaultConfigurationIsVisible = 0;
			defaultConfigurationName = Release;
		};
/* End XCConfigurationList section */
	};
	rootObject = 19A2B35825F0D388001A3C0F /* Project object */;
}
